Microsoft Visual Studio Solution File, Format Version 12.00
# Visual Studio Version 17
VisualStudioVersion = 17.5.2.0
MinimumVisualStudioVersion = 10.0.40219.1
Project("{FAE04EC0-301F-11D3-BF4B-00C04F79EFBC}") = "StudentPhotoTaker", "StudentPhotoTaker.csproj", "{99429D20-EDDF-049F-3859-7A7CF6FE6BBC}"
EndProject
Global
	GlobalSection(SolutionConfigurationPlatforms) = preSolution
		Debug|Any CPU = Debug|Any CPU
		Release|Any CPU = Release|Any CPU
	EndGlobalSection
	GlobalSection(ProjectConfigurationPlatforms) = postSolution
		{99429D20-EDDF-049F-3859-7A7CF6FE6BBC}.Debug|Any CPU.ActiveCfg = Debug|Any CPU
		{99429D20-EDDF-049F-3859-7A7CF6FE6BBC}.Debug|Any CPU.Build.0 = Debug|Any CPU
		{99429D20-EDDF-049F-3859-7A7CF6FE6BBC}.Release|Any CPU.ActiveCfg = Release|Any CPU
		{99429D20-EDDF-049F-3859-7A7CF6FE6BBC}.Release|Any CPU.Build.0 = Release|Any CPU
	EndGlobalSection
	GlobalSection(SolutionProperties) = preSolution
		HideSolutionNode = FALSE
	EndGlobalSection
	GlobalSection(ExtensibilityGlobals) = postSolution
		SolutionGuid = {27FA5293-24FF-4201-A32E-E4C00AC9E632}
	EndGlobalSection
EndGlobal
